{
  "requires": true,
  "lockfileVersion": 1,
  "dependencies": {
    "google-protobuf": {
      "version": "3.14.0",
      "resolved": "https://registry.npmjs.org/google-protobuf/-/google-protobuf-3.14.0.tgz",
      "integrity": "sha512-bwa8dBuMpOxg7COyqkW6muQuvNnWgVN8TX/epDRGW5m0jcrmq2QJyCyiV8ZE2/6LaIIqJtiv9bYokFhfpy/o6w=="
    },
    "ts-protoc-gen": {
      "version": "0.14.0",
      "resolved": "https://registry.npmjs.org/ts-protoc-gen/-/ts-protoc-gen-0.14.0.tgz",
      "integrity": "sha512-2z6w2HioMCMVNcgNHBcEvudmQfzrn+3BjAlz+xgYZ9L0o8n8UG8WUiTJcbXHFiEg2SU8IltwH2pm1otLoMSKwg==",
      "requires": {
        "google-protobuf": "^3.6.1"
      }
    }
  }
}
